
Microsoft Visual Studio Solution File, Format Version 12.00
# Visual Studio Version 16
VisualStudioVersion = 16.0.30517.126
MinimumVisualStudioVersion = 10.0.40219.1
Project("{FAE04EC0-301F-11D3-BF4B-00C04F79EFBC}") = "WeatherApp", "WeatherApp\WeatherApp.csproj", "{744D2F92-A031-459D-9B2F-202DA1FFCA8A}"
EndProject
Global
	GlobalSection(SolutionConfigurationPlatforms) = preSolution
		Debug|Any CPU = Debug|Any CPU
		Release|Any CPU = Release|Any CPU
	EndGlobalSection
	GlobalSection(ProjectConfigurationPlatforms) = postSolution
		{744D2F92-A031-459D-9B2F-202DA1FFCA8A}.Debug|Any CPU.ActiveCfg = Debug|Any CPU
		{744D2F92-A031-459D-9B2F-202DA1FFCA8A}.Debug|Any CPU.Build.0 = Debug|Any CPU
		{744D2F92-A031-459D-9B2F-202DA1FFCA8A}.Release|Any CPU.ActiveCfg = Release|Any CPU
		{744D2F92-A031-459D-9B2F-202DA1FFCA8A}.Release|Any CPU.Build.0 = Release|Any CPU
	EndGlobalSection
	GlobalSection(SolutionProperties) = preSolution
		HideSolutionNode = FALSE
	EndGlobalSection
	GlobalSection(ExtensibilityGlobals) = postSolution
		SolutionGuid = {A8F2D8AD-BCAE-4769-A895-BABC0AADC2DC}
	EndGlobalSection
EndGlobal
